
Microsoft Visual Studio Solution File, Format Version 12.00
# Visual Studio Version 17
VisualStudioVersion = 17.2.32616.157
MinimumVisualStudioVersion = 10.0.40219.1
Project("{FAE04EC0-301F-11D3-BF4B-00C04F79EFBC}") = "WebAPI", "WebAPI\WebAPI.csproj", "{3F260820-4611-44FF-BE31-75D319EED286}"
EndProject
Project("{FAE04EC0-301F-11D3-BF4B-00C04F79EFBC}") = "Business", "Business\Business.csproj", "{C2808EF6-041F-47B2-9D87-F6E6641DD573}"
EndProject
Project("{FAE04EC0-301F-11D3-BF4B-00C04F79EFBC}") = "DataAccess", "DataAccess\DataAccess.csproj", "{7DCAF63C-3653-4FA1-B3AB-16AE098AF68F}"
EndProject
Project("{FAE04EC0-301F-11D3-BF4B-00C04F79EFBC}") = "Core", "Core\Core.csproj", "{3D0EA2C3-3C84-462F-93FE-771FB0313FB2}"
EndProject
Project("{FAE04EC0-301F-11D3-BF4B-00C04F79EFBC}") = "Entities", "Entities\Entities.csproj", "{2891578A-DA3C-4577-89C9-03178A03BABE}"
EndProject
Global
	GlobalSection(SolutionConfigurationPlatforms) = preSolution
		Debug|Any CPU = Debug|Any CPU
		Release|Any CPU = Release|Any CPU
	EndGlobalSection
	GlobalSection(ProjectConfigurationPlatforms) = postSolution
		{3F260820-4611-44FF-BE31-75D319EED286}.Debug|Any CPU.ActiveCfg = Debug|Any CPU
		{3F260820-4611-44FF-BE31-75D319EED286}.Debug|Any CPU.Build.0 = Debug|Any CPU
		{3F260820-4611-44FF-BE31-75D319EED286}.Release|Any CPU.ActiveCfg = Release|Any CPU
		{3F260820-4611-44FF-BE31-75D319EED286}.Release|Any CPU.Build.0 = Release|Any CPU
		{C2808EF6-041F-47B2-9D87-F6E6641DD573}.Debug|Any CPU.ActiveCfg = Debug|Any CPU
		{C2808EF6-041F-47B2-9D87-F6E6641DD573}.Debug|Any CPU.Build.0 = Debug|Any CPU
		{C2808EF6-041F-47B2-9D87-F6E6641DD573}.Release|Any CPU.ActiveCfg = Release|Any CPU
		{C2808EF6-041F-47B2-9D87-F6E6641DD573}.Release|Any CPU.Build.0 = Release|Any CPU
		{7DCAF63C-3653-4FA1-B3AB-16AE098AF68F}.Debug|Any CPU.ActiveCfg = Debug|Any CPU
		{7DCAF63C-3653-4FA1-B3AB-16AE098AF68F}.Debug|Any CPU.Build.0 = Debug|Any CPU
		{7DCAF63C-3653-4FA1-B3AB-16AE098AF68F}.Release|Any CPU.ActiveCfg = Release|Any CPU
		{7DCAF63C-3653-4FA1-B3AB-16AE098AF68F}.Release|Any CPU.Build.0 = Release|Any CPU
		{3D0EA2C3-3C84-462F-93FE-771FB0313FB2}.Debug|Any CPU.ActiveCfg = Debug|Any CPU
		{3D0EA2C3-3C84-462F-93FE-771FB0313FB2}.Debug|Any CPU.Build.0 = Debug|Any CPU
		{3D0EA2C3-3C84-462F-93FE-771FB0313FB2}.Release|Any CPU.ActiveCfg = Release|Any CPU
		{3D0EA2C3-3C84-462F-93FE-771FB0313FB2}.Release|Any CPU.Build.0 = Release|Any CPU
		{2891578A-DA3C-4577-89C9-03178A03BABE}.Debug|Any CPU.ActiveCfg = Debug|Any CPU
		{2891578A-DA3C-4577-89C9-03178A03BABE}.Debug|Any CPU.Build.0 = Debug|Any CPU
		{2891578A-DA3C-4577-89C9-03178A03BABE}.Release|Any CPU.ActiveCfg = Release|Any CPU
		{2891578A-DA3C-4577-89C9-03178A03BABE}.Release|Any CPU.Build.0 = Release|Any CPU
	EndGlobalSection
	GlobalSection(SolutionProperties) = preSolution
		HideSolutionNode = FALSE
	EndGlobalSection
	GlobalSection(ExtensibilityGlobals) = postSolution
		SolutionGuid = {164E2C28-4BB3-4F15-835C-D7C5C8D71F0C}
	EndGlobalSection
EndGlobal
